
Microsoft Visual Studio Solution File, Format Version 12.00
# Visual Studio Version 17
VisualStudioVersion = 17.10.35122.118
MinimumVisualStudioVersion = 10.0.40219.1
Project("{FAE04EC0-301F-11D3-BF4B-00C04F79EFBC}") = "BLL", "BLL\BLL.csproj", "{7FEB41AD-C8B6-4388-B155-87FC8AFDA94F}"
EndProject
Project("{FAE04EC0-301F-11D3-BF4B-00C04F79EFBC}") = "Test", "Test\Test.csproj", "{5BFD9950-9D28-4C2D-BD7D-E7A4EFE19A68}"
EndProject
Project("{FAE04EC0-301F-11D3-BF4B-00C04F79EFBC}") = "SLC", "SLC\SLC.csproj", "{BF19DA9C-3AE5-4D72-A1A5-EAAB3A236ECB}"
EndProject
Project("{FAE04EC0-301F-11D3-BF4B-00C04F79EFBC}") = "Service", "Service\Service.csproj", "{B8B0D20B-4B92-4D36-A135-58D71BEBAE16}"
EndProject
Project("{FAE04EC0-301F-11D3-BF4B-00C04F79EFBC}") = "Soap_Category", "Soap_Category\Soap_Category.csproj", "{A2195044-19AA-41F0-8092-F64F62379F72}"
EndProject
Project("{FAE04EC0-301F-11D3-BF4B-00C04F79EFBC}") = "Soap_Products", "Soap_Products\Soap_Products.csproj", "{1DFCF822-5BC0-4964-AF3E-3AEC07E5A848}"
EndProject
Project("{FAE04EC0-301F-11D3-BF4B-00C04F79EFBC}") = "Entities", "Entities\Entities.csproj", "{C0C97525-F602-4E5C-BA87-39CDC724F4E9}"
EndProject
Project("{FAE04EC0-301F-11D3-BF4B-00C04F79EFBC}") = "DAL", "DAL\DAL.csproj", "{A9350D1E-C358-4DE1-A5DD-4C9575F24E37}"
EndProject
Project("{FAE04EC0-301F-11D3-BF4B-00C04F79EFBC}") = "Cliente", "Cliente\Cliente.csproj", "{DE9C78DE-4505-47BF-BC08-4075B48327BD}"
EndProject
Global
	GlobalSection(SolutionConfigurationPlatforms) = preSolution
		Debug|Any CPU = Debug|Any CPU
		Release|Any CPU = Release|Any CPU
	EndGlobalSection
	GlobalSection(ProjectConfigurationPlatforms) = postSolution
		{7FEB41AD-C8B6-4388-B155-87FC8AFDA94F}.Debug|Any CPU.ActiveCfg = Debug|Any CPU
		{7FEB41AD-C8B6-4388-B155-87FC8AFDA94F}.Debug|Any CPU.Build.0 = Debug|Any CPU
		{7FEB41AD-C8B6-4388-B155-87FC8AFDA94F}.Release|Any CPU.ActiveCfg = Release|Any CPU
		{7FEB41AD-C8B6-4388-B155-87FC8AFDA94F}.Release|Any CPU.Build.0 = Release|Any CPU
		{5BFD9950-9D28-4C2D-BD7D-E7A4EFE19A68}.Debug|Any CPU.ActiveCfg = Debug|Any CPU
		{5BFD9950-9D28-4C2D-BD7D-E7A4EFE19A68}.Debug|Any CPU.Build.0 = Debug|Any CPU
		{5BFD9950-9D28-4C2D-BD7D-E7A4EFE19A68}.Release|Any CPU.ActiveCfg = Release|Any CPU
		{5BFD9950-9D28-4C2D-BD7D-E7A4EFE19A68}.Release|Any CPU.Build.0 = Release|Any CPU
		{BF19DA9C-3AE5-4D72-A1A5-EAAB3A236ECB}.Debug|Any CPU.ActiveCfg = Debug|Any CPU
		{BF19DA9C-3AE5-4D72-A1A5-EAAB3A236ECB}.Debug|Any CPU.Build.0 = Debug|Any CPU
		{BF19DA9C-3AE5-4D72-A1A5-EAAB3A236ECB}.Release|Any CPU.ActiveCfg = Release|Any CPU
		{BF19DA9C-3AE5-4D72-A1A5-EAAB3A236ECB}.Release|Any CPU.Build.0 = Release|Any CPU
		{B8B0D20B-4B92-4D36-A135-58D71BEBAE16}.Debug|Any CPU.ActiveCfg = Debug|Any CPU
		{B8B0D20B-4B92-4D36-A135-58D71BEBAE16}.Debug|Any CPU.Build.0 = Debug|Any CPU
		{B8B0D20B-4B92-4D36-A135-58D71BEBAE16}.Release|Any CPU.ActiveCfg = Release|Any CPU
		{B8B0D20B-4B92-4D36-A135-58D71BEBAE16}.Release|Any CPU.Build.0 = Release|Any CPU
		{A2195044-19AA-41F0-8092-F64F62379F72}.Debug|Any CPU.ActiveCfg = Debug|Any CPU
		{A2195044-19AA-41F0-8092-F64F62379F72}.Debug|Any CPU.Build.0 = Debug|Any CPU
		{A2195044-19AA-41F0-8092-F64F62379F72}.Release|Any CPU.ActiveCfg = Release|Any CPU
		{A2195044-19AA-41F0-8092-F64F62379F72}.Release|Any CPU.Build.0 = Release|Any CPU
		{1DFCF822-5BC0-4964-AF3E-3AEC07E5A848}.Debug|Any CPU.ActiveCfg = Debug|Any CPU
		{1DFCF822-5BC0-4964-AF3E-3AEC07E5A848}.Debug|Any CPU.Build.0 = Debug|Any CPU
		{1DFCF822-5BC0-4964-AF3E-3AEC07E5A848}.Release|Any CPU.ActiveCfg = Release|Any CPU
		{1DFCF822-5BC0-4964-AF3E-3AEC07E5A848}.Release|Any CPU.Build.0 = Release|Any CPU
		{C0C97525-F602-4E5C-BA87-39CDC724F4E9}.Debug|Any CPU.ActiveCfg = Debug|Any CPU
		{C0C97525-F602-4E5C-BA87-39CDC724F4E9}.Debug|Any CPU.Build.0 = Debug|Any CPU
		{C0C97525-F602-4E5C-BA87-39CDC724F4E9}.Release|Any CPU.ActiveCfg = Release|Any CPU
		{C0C97525-F602-4E5C-BA87-39CDC724F4E9}.Release|Any CPU.Build.0 = Release|Any CPU
		{A9350D1E-C358-4DE1-A5DD-4C9575F24E37}.Debug|Any CPU.ActiveCfg = Debug|Any CPU
		{A9350D1E-C358-4DE1-A5DD-4C9575F24E37}.Debug|Any CPU.Build.0 = Debug|Any CPU
		{A9350D1E-C358-4DE1-A5DD-4C9575F24E37}.Release|Any CPU.ActiveCfg = Release|Any CPU
		{A9350D1E-C358-4DE1-A5DD-4C9575F24E37}.Release|Any CPU.Build.0 = Release|Any CPU
		{DE9C78DE-4505-47BF-BC08-4075B48327BD}.Debug|Any CPU.ActiveCfg = Debug|Any CPU
		{DE9C78DE-4505-47BF-BC08-4075B48327BD}.Debug|Any CPU.Build.0 = Debug|Any CPU
		{DE9C78DE-4505-47BF-BC08-4075B48327BD}.Release|Any CPU.ActiveCfg = Release|Any CPU
		{DE9C78DE-4505-47BF-BC08-4075B48327BD}.Release|Any CPU.Build.0 = Release|Any CPU
	EndGlobalSection
	GlobalSection(SolutionProperties) = preSolution
		HideSolutionNode = FALSE
	EndGlobalSection
	GlobalSection(ExtensibilityGlobals) = postSolution
		SolutionGuid = {822DFC27-2505-43DD-B8E2-2452770F9D87}
	EndGlobalSection
EndGlobal
